
Microsoft Visual Studio Solution File, Format Version 12.00
# Visual Studio Version 17
VisualStudioVersion = 17.4.33205.214
MinimumVisualStudioVersion = 10.0.40219.1
Project("{9A19103F-16F7-4668-BE54-9A1E7A4F7556}") = "SampleWebApi", "src\SampleWebApi\SampleWebApi.csproj", "{DCA97128-3BCE-4F5C-99B5-A51231D987DA}"
EndProject
Project("{2150E333-8FDC-42A3-9474-1A3956D46DE8}") = "Tests", "Tests", "{8788A621-E15B-4390-9E2D-5C5E95803AFB}"
EndProject
Project("{9A19103F-16F7-4668-BE54-9A1E7A4F7556}") = "SampleWebApi.IntegrationTests", "tests\SampleWebApi.IntegrationTests\SampleWebApi.IntegrationTests.csproj", "{B3782C60-DFE1-4F57-9B6F-CC76E1C320E9}"
EndProject
Global
	GlobalSection(SolutionConfigurationPlatforms) = preSolution
		Debug|Any CPU = Debug|Any CPU
		Release|Any CPU = Release|Any CPU
	EndGlobalSection
	GlobalSection(ProjectConfigurationPlatforms) = postSolution
		{DCA97128-3BCE-4F5C-99B5-A51231D987DA}.Debug|Any CPU.ActiveCfg = Debug|Any CPU
		{DCA97128-3BCE-4F5C-99B5-A51231D987DA}.Debug|Any CPU.Build.0 = Debug|Any CPU
		{DCA97128-3BCE-4F5C-99B5-A51231D987DA}.Release|Any CPU.ActiveCfg = Release|Any CPU
		{DCA97128-3BCE-4F5C-99B5-A51231D987DA}.Release|Any CPU.Build.0 = Release|Any CPU
		{B3782C60-DFE1-4F57-9B6F-CC76E1C320E9}.Debug|Any CPU.ActiveCfg = Debug|Any CPU
		{B3782C60-DFE1-4F57-9B6F-CC76E1C320E9}.Debug|Any CPU.Build.0 = Debug|Any CPU
		{B3782C60-DFE1-4F57-9B6F-CC76E1C320E9}.Release|Any CPU.ActiveCfg = Release|Any CPU
		{B3782C60-DFE1-4F57-9B6F-CC76E1C320E9}.Release|Any CPU.Build.0 = Release|Any CPU
	EndGlobalSection
	GlobalSection(SolutionProperties) = preSolution
		HideSolutionNode = FALSE
	EndGlobalSection
	GlobalSection(NestedProjects) = preSolution
		{B3782C60-DFE1-4F57-9B6F-CC76E1C320E9} = {8788A621-E15B-4390-9E2D-5C5E95803AFB}
	EndGlobalSection
	GlobalSection(ExtensibilityGlobals) = postSolution
		SolutionGuid = {51A161BD-64B6-4ADF-A72E-BA3BF15374E0}
	EndGlobalSection
EndGlobal
